
Microsoft Visual Studio Solution File, Format Version 12.00
# Visual Studio Version 17
VisualStudioVersion = 17.8.34330.188
MinimumVisualStudioVersion = 10.0.40219.1
Project("{2150E333-8FDC-42A3-9474-1A3956D46DE8}") = "Web", "Web", "{70EDD32A-924E-495B-A8B0-93A41A29A5E1}"
EndProject
Project("{2150E333-8FDC-42A3-9474-1A3956D46DE8}") = "Infrastructure", "Infrastructure", "{60873588-BC1D-486C-A2FA-35BB8A14EB5C}"
EndProject
Project("{2150E333-8FDC-42A3-9474-1A3956D46DE8}") = "Domain", "Domain", "{49183BD8-BD2C-4213-96A1-79E940717F99}"
EndProject
Project("{2150E333-8FDC-42A3-9474-1A3956D46DE8}") = "Application", "Application", "{FF24C29B-AC60-4560-A8FC-113AFB641DBF}"
EndProject
Project("{2150E333-8FDC-42A3-9474-1A3956D46DE8}") = "Messages", "Messages", "{02EA681E-C7D8-13C7-8484-4AC65E1B71E8}"
EndProject
Project("{FAE04EC0-301F-11D3-BF4B-00C04F79EFBC}") = "ASI.TCL.CMFT.Messages", "..\ASI.TCL.CMFT.Messages\Messages\ASI.TCL.CMFT.Messages.csproj", "{A600D543-D3DA-D5F4-610F-7DAD069614AE}"
EndProject
Project("{FAE04EC0-301F-11D3-BF4B-00C04F79EFBC}") = "ASI.TCL.CMFT.Domain", "ASI.TCL.CMFT.Domain\ASI.TCL.CMFT.Domain.csproj", "{EB483EEE-FF02-C8AD-5674-028EEBC86B3E}"
EndProject
Project("{FAE04EC0-301F-11D3-BF4B-00C04F79EFBC}") = "ASI.TCL.CMFT.Domain.DMD", "ASI.TCL.CMFT.Domain.DMD\ASI.TCL.CMFT.Domain.DMD.csproj", "{F8AAC360-45F9-0919-9882-C3DDEBCD130E}"
EndProject
Project("{FAE04EC0-301F-11D3-BF4B-00C04F79EFBC}") = "ASI.TCL.CMFT.Domain.PA", "ASI.TCL.CMFT.Domain.PA\ASI.TCL.CMFT.Domain.PA.csproj", "{1622B19B-9FAD-6373-457B-B407BE91A4CC}"
EndProject
Project("{FAE04EC0-301F-11D3-BF4B-00C04F79EFBC}") = "ASI.TCL.CMFT.Domain.SYS", "ASI.TCL.CMFT.Domain.SYS\ASI.TCL.CMFT.Domain.SYS.csproj", "{60F3E709-01E1-5D47-6DEA-0F4066863888}"
EndProject
Project("{FAE04EC0-301F-11D3-BF4B-00C04F79EFBC}") = "ASI.TCL.CMFT.Infrastructure.EFCore", "ASI.TCL.CMFT.Infrastructure.EFCore\ASI.TCL.CMFT.Infrastructure.EFCore.csproj", "{C14EA536-87C5-534A-B257-94C4B87E5BAD}"
EndProject
Project("{FAE04EC0-301F-11D3-BF4B-00C04F79EFBC}") = "ASI.TCL.CMFT.Infrastructure.EFCore.MigrationTool", "ASI.TCL.CMFT.Infrastructure.EFCore.MigrationTool\ASI.TCL.CMFT.Infrastructure.EFCore.MigrationTool.csproj", "{A9A5B6D1-9FDD-2B48-556A-FD00C8BB0521}"
EndProject
Project("{FAE04EC0-301F-11D3-BF4B-00C04F79EFBC}") = "ASI.TCL.CMFT.Application", "ASI.TCL.CMFT.Application\ASI.TCL.CMFT.Application.csproj", "{974DEA4B-7A12-0280-40F6-1A82AD53097B}"
EndProject
Project("{FAE04EC0-301F-11D3-BF4B-00C04F79EFBC}") = "ASI.TCL.CMFT.Application.Auth", "ASI.TCL.CMFT.Application.Auth\ASI.TCL.CMFT.Application.Auth.csproj", "{E2E854F1-A1B7-B7A3-337E-F7056684CBB3}"
EndProject
Project("{FAE04EC0-301F-11D3-BF4B-00C04F79EFBC}") = "ASI.TCL.CMFT.Application.DMD", "ASI.TCL.CMFT.Application.DMD\ASI.TCL.CMFT.Application.DMD.csproj", "{B5336AC8-234A-8207-9028-4F0FC3DA47F9}"
EndProject
Project("{FAE04EC0-301F-11D3-BF4B-00C04F79EFBC}") = "ASI.TCL.CMFT.Application.PA", "ASI.TCL.CMFT.Application.PA\ASI.TCL.CMFT.Application.PA.csproj", "{77E124D1-8C74-6635-D9FD-0234FB08D3E1}"
EndProject
Project("{FAE04EC0-301F-11D3-BF4B-00C04F79EFBC}") = "ASI.TCL.CMFT.Application.SYS", "ASI.TCL.CMFT.Application.SYS\ASI.TCL.CMFT.Application.SYS.csproj", "{509FEB20-CC52-44AE-A538-106D87271D2E}"
EndProject
Project("{FAE04EC0-301F-11D3-BF4B-00C04F79EFBC}") = "ASI.TCL.CMFT.Infrastructure.JWTAuthentication", "ASI.TCL.CMFT.Infrastructure.JWTAuthentication\ASI.TCL.CMFT.Infrastructure.JWTAuthentication.csproj", "{EC6DB6E6-86E0-B087-1238-3A46D9E21546}"
EndProject
Project("{FAE04EC0-301F-11D3-BF4B-00C04F79EFBC}") = "ASI.TCL.CMFT.Infrastructure.Serilog", "ASI.TCL.CMFT.Infrastructure.Serilog\ASI.TCL.CMFT.Infrastructure.Serilog.csproj", "{631360F0-43F9-9E43-B9EB-A88F55710DB9}"
EndProject
Project("{FAE04EC0-301F-11D3-BF4B-00C04F79EFBC}") = "ASI.TCL.CMFT.WebAPI", "ASI.TCL.CMFT.WebAPI\ASI.TCL.CMFT.WebAPI.csproj", "{AADA128C-808F-E540-B0F0-72A4CD2AB680}"
EndProject
Global
	GlobalSection(SolutionConfigurationPlatforms) = preSolution
		Debug|Any CPU = Debug|Any CPU
		Release|Any CPU = Release|Any CPU
		排除Reference|Any CPU = 排除Reference|Any CPU
	EndGlobalSection
	GlobalSection(ProjectConfigurationPlatforms) = postSolution
		{A600D543-D3DA-D5F4-610F-7DAD069614AE}.Debug|Any CPU.ActiveCfg = Debug|Any CPU
		{A600D543-D3DA-D5F4-610F-7DAD069614AE}.Debug|Any CPU.Build.0 = Debug|Any CPU
		{A600D543-D3DA-D5F4-610F-7DAD069614AE}.Release|Any CPU.ActiveCfg = Release|Any CPU
		{A600D543-D3DA-D5F4-610F-7DAD069614AE}.Release|Any CPU.Build.0 = Release|Any CPU
		{A600D543-D3DA-D5F4-610F-7DAD069614AE}.排除Reference|Any CPU.ActiveCfg = Debug|Any CPU
		{A600D543-D3DA-D5F4-610F-7DAD069614AE}.排除Reference|Any CPU.Build.0 = Debug|Any CPU
		{EB483EEE-FF02-C8AD-5674-028EEBC86B3E}.Debug|Any CPU.ActiveCfg = Debug|Any CPU
		{EB483EEE-FF02-C8AD-5674-028EEBC86B3E}.Debug|Any CPU.Build.0 = Debug|Any CPU
		{EB483EEE-FF02-C8AD-5674-028EEBC86B3E}.Release|Any CPU.ActiveCfg = Release|Any CPU
		{EB483EEE-FF02-C8AD-5674-028EEBC86B3E}.Release|Any CPU.Build.0 = Release|Any CPU
		{EB483EEE-FF02-C8AD-5674-028EEBC86B3E}.排除Reference|Any CPU.ActiveCfg = Debug|Any CPU
		{EB483EEE-FF02-C8AD-5674-028EEBC86B3E}.排除Reference|Any CPU.Build.0 = Debug|Any CPU
		{F8AAC360-45F9-0919-9882-C3DDEBCD130E}.Debug|Any CPU.ActiveCfg = Debug|Any CPU
		{F8AAC360-45F9-0919-9882-C3DDEBCD130E}.Debug|Any CPU.Build.0 = Debug|Any CPU
		{F8AAC360-45F9-0919-9882-C3DDEBCD130E}.Release|Any CPU.ActiveCfg = Release|Any CPU
		{F8AAC360-45F9-0919-9882-C3DDEBCD130E}.Release|Any CPU.Build.0 = Release|Any CPU
		{F8AAC360-45F9-0919-9882-C3DDEBCD130E}.排除Reference|Any CPU.ActiveCfg = Debug|Any CPU
		{F8AAC360-45F9-0919-9882-C3DDEBCD130E}.排除Reference|Any CPU.Build.0 = Debug|Any CPU
		{1622B19B-9FAD-6373-457B-B407BE91A4CC}.Debug|Any CPU.ActiveCfg = Debug|Any CPU
		{1622B19B-9FAD-6373-457B-B407BE91A4CC}.Debug|Any CPU.Build.0 = Debug|Any CPU
		{1622B19B-9FAD-6373-457B-B407BE91A4CC}.Release|Any CPU.ActiveCfg = Release|Any CPU
		{1622B19B-9FAD-6373-457B-B407BE91A4CC}.Release|Any CPU.Build.0 = Release|Any CPU
		{1622B19B-9FAD-6373-457B-B407BE91A4CC}.排除Reference|Any CPU.ActiveCfg = Debug|Any CPU
		{1622B19B-9FAD-6373-457B-B407BE91A4CC}.排除Reference|Any CPU.Build.0 = Debug|Any CPU
		{60F3E709-01E1-5D47-6DEA-0F4066863888}.Debug|Any CPU.ActiveCfg = Debug|Any CPU
		{60F3E709-01E1-5D47-6DEA-0F4066863888}.Debug|Any CPU.Build.0 = Debug|Any CPU
		{60F3E709-01E1-5D47-6DEA-0F4066863888}.Release|Any CPU.ActiveCfg = Release|Any CPU
		{60F3E709-01E1-5D47-6DEA-0F4066863888}.Release|Any CPU.Build.0 = Release|Any CPU
		{60F3E709-01E1-5D47-6DEA-0F4066863888}.排除Reference|Any CPU.ActiveCfg = Debug|Any CPU
		{60F3E709-01E1-5D47-6DEA-0F4066863888}.排除Reference|Any CPU.Build.0 = Debug|Any CPU
		{C14EA536-87C5-534A-B257-94C4B87E5BAD}.Debug|Any CPU.ActiveCfg = Debug|Any CPU
		{C14EA536-87C5-534A-B257-94C4B87E5BAD}.Debug|Any CPU.Build.0 = Debug|Any CPU
		{C14EA536-87C5-534A-B257-94C4B87E5BAD}.Release|Any CPU.ActiveCfg = Release|Any CPU
		{C14EA536-87C5-534A-B257-94C4B87E5BAD}.Release|Any CPU.Build.0 = Release|Any CPU
		{C14EA536-87C5-534A-B257-94C4B87E5BAD}.排除Reference|Any CPU.ActiveCfg = Debug|Any CPU
		{C14EA536-87C5-534A-B257-94C4B87E5BAD}.排除Reference|Any CPU.Build.0 = Debug|Any CPU
		{A9A5B6D1-9FDD-2B48-556A-FD00C8BB0521}.Debug|Any CPU.ActiveCfg = Debug|Any CPU
		{A9A5B6D1-9FDD-2B48-556A-FD00C8BB0521}.Debug|Any CPU.Build.0 = Debug|Any CPU
		{A9A5B6D1-9FDD-2B48-556A-FD00C8BB0521}.Release|Any CPU.ActiveCfg = Release|Any CPU
		{A9A5B6D1-9FDD-2B48-556A-FD00C8BB0521}.Release|Any CPU.Build.0 = Release|Any CPU
		{A9A5B6D1-9FDD-2B48-556A-FD00C8BB0521}.排除Reference|Any CPU.ActiveCfg = Debug|Any CPU
		{A9A5B6D1-9FDD-2B48-556A-FD00C8BB0521}.排除Reference|Any CPU.Build.0 = Debug|Any CPU
		{974DEA4B-7A12-0280-40F6-1A82AD53097B}.Debug|Any CPU.ActiveCfg = Debug|Any CPU
		{974DEA4B-7A12-0280-40F6-1A82AD53097B}.Debug|Any CPU.Build.0 = Debug|Any CPU
		{974DEA4B-7A12-0280-40F6-1A82AD53097B}.Release|Any CPU.ActiveCfg = Release|Any CPU
		{974DEA4B-7A12-0280-40F6-1A82AD53097B}.Release|Any CPU.Build.0 = Release|Any CPU
		{974DEA4B-7A12-0280-40F6-1A82AD53097B}.排除Reference|Any CPU.ActiveCfg = Debug|Any CPU
		{974DEA4B-7A12-0280-40F6-1A82AD53097B}.排除Reference|Any CPU.Build.0 = Debug|Any CPU
		{E2E854F1-A1B7-B7A3-337E-F7056684CBB3}.Debug|Any CPU.ActiveCfg = Debug|Any CPU
		{E2E854F1-A1B7-B7A3-337E-F7056684CBB3}.Debug|Any CPU.Build.0 = Debug|Any CPU
		{E2E854F1-A1B7-B7A3-337E-F7056684CBB3}.Release|Any CPU.ActiveCfg = Release|Any CPU
		{E2E854F1-A1B7-B7A3-337E-F7056684CBB3}.Release|Any CPU.Build.0 = Release|Any CPU
		{E2E854F1-A1B7-B7A3-337E-F7056684CBB3}.排除Reference|Any CPU.ActiveCfg = Debug|Any CPU
		{E2E854F1-A1B7-B7A3-337E-F7056684CBB3}.排除Reference|Any CPU.Build.0 = Debug|Any CPU
		{B5336AC8-234A-8207-9028-4F0FC3DA47F9}.Debug|Any CPU.ActiveCfg = Debug|Any CPU
		{B5336AC8-234A-8207-9028-4F0FC3DA47F9}.Debug|Any CPU.Build.0 = Debug|Any CPU
		{B5336AC8-234A-8207-9028-4F0FC3DA47F9}.Release|Any CPU.ActiveCfg = Release|Any CPU
		{B5336AC8-234A-8207-9028-4F0FC3DA47F9}.Release|Any CPU.Build.0 = Release|Any CPU
		{B5336AC8-234A-8207-9028-4F0FC3DA47F9}.排除Reference|Any CPU.ActiveCfg = Debug|Any CPU
		{B5336AC8-234A-8207-9028-4F0FC3DA47F9}.排除Reference|Any CPU.Build.0 = Debug|Any CPU
		{77E124D1-8C74-6635-D9FD-0234FB08D3E1}.Debug|Any CPU.ActiveCfg = Debug|Any CPU
		{77E124D1-8C74-6635-D9FD-0234FB08D3E1}.Debug|Any CPU.Build.0 = Debug|Any CPU
		{77E124D1-8C74-6635-D9FD-0234FB08D3E1}.Release|Any CPU.ActiveCfg = Release|Any CPU
		{77E124D1-8C74-6635-D9FD-0234FB08D3E1}.Release|Any CPU.Build.0 = Release|Any CPU
		{77E124D1-8C74-6635-D9FD-0234FB08D3E1}.排除Reference|Any CPU.ActiveCfg = Debug|Any CPU
		{77E124D1-8C74-6635-D9FD-0234FB08D3E1}.排除Reference|Any CPU.Build.0 = Debug|Any CPU
		{509FEB20-CC52-44AE-A538-106D87271D2E}.Debug|Any CPU.ActiveCfg = Debug|Any CPU
		{509FEB20-CC52-44AE-A538-106D87271D2E}.Debug|Any CPU.Build.0 = Debug|Any CPU
		{509FEB20-CC52-44AE-A538-106D87271D2E}.Release|Any CPU.ActiveCfg = Release|Any CPU
		{509FEB20-CC52-44AE-A538-106D87271D2E}.Release|Any CPU.Build.0 = Release|Any CPU
		{509FEB20-CC52-44AE-A538-106D87271D2E}.排除Reference|Any CPU.ActiveCfg = Debug|Any CPU
		{509FEB20-CC52-44AE-A538-106D87271D2E}.排除Reference|Any CPU.Build.0 = Debug|Any CPU
		{EC6DB6E6-86E0-B087-1238-3A46D9E21546}.Debug|Any CPU.ActiveCfg = Debug|Any CPU
		{EC6DB6E6-86E0-B087-1238-3A46D9E21546}.Debug|Any CPU.Build.0 = Debug|Any CPU
		{EC6DB6E6-86E0-B087-1238-3A46D9E21546}.Release|Any CPU.ActiveCfg = Release|Any CPU
		{EC6DB6E6-86E0-B087-1238-3A46D9E21546}.Release|Any CPU.Build.0 = Release|Any CPU
		{EC6DB6E6-86E0-B087-1238-3A46D9E21546}.排除Reference|Any CPU.ActiveCfg = Debug|Any CPU
		{EC6DB6E6-86E0-B087-1238-3A46D9E21546}.排除Reference|Any CPU.Build.0 = Debug|Any CPU
		{631360F0-43F9-9E43-B9EB-A88F55710DB9}.Debug|Any CPU.ActiveCfg = Debug|Any CPU
		{631360F0-43F9-9E43-B9EB-A88F55710DB9}.Debug|Any CPU.Build.0 = Debug|Any CPU
		{631360F0-43F9-9E43-B9EB-A88F55710DB9}.Release|Any CPU.ActiveCfg = Release|Any CPU
		{631360F0-43F9-9E43-B9EB-A88F55710DB9}.Release|Any CPU.Build.0 = Release|Any CPU
		{631360F0-43F9-9E43-B9EB-A88F55710DB9}.排除Reference|Any CPU.ActiveCfg = Debug|Any CPU
		{631360F0-43F9-9E43-B9EB-A88F55710DB9}.排除Reference|Any CPU.Build.0 = Debug|Any CPU
		{AADA128C-808F-E540-B0F0-72A4CD2AB680}.Debug|Any CPU.ActiveCfg = Debug|Any CPU
		{AADA128C-808F-E540-B0F0-72A4CD2AB680}.Debug|Any CPU.Build.0 = Debug|Any CPU
		{AADA128C-808F-E540-B0F0-72A4CD2AB680}.Release|Any CPU.ActiveCfg = Release|Any CPU
		{AADA128C-808F-E540-B0F0-72A4CD2AB680}.Release|Any CPU.Build.0 = Release|Any CPU
		{AADA128C-808F-E540-B0F0-72A4CD2AB680}.排除Reference|Any CPU.ActiveCfg = Debug|Any CPU
		{AADA128C-808F-E540-B0F0-72A4CD2AB680}.排除Reference|Any CPU.Build.0 = Debug|Any CPU
	EndGlobalSection
	GlobalSection(SolutionProperties) = preSolution
		HideSolutionNode = FALSE
	EndGlobalSection
	GlobalSection(NestedProjects) = preSolution
		{A600D543-D3DA-D5F4-610F-7DAD069614AE} = {02EA681E-C7D8-13C7-8484-4AC65E1B71E8}
		{EB483EEE-FF02-C8AD-5674-028EEBC86B3E} = {49183BD8-BD2C-4213-96A1-79E940717F99}
		{F8AAC360-45F9-0919-9882-C3DDEBCD130E} = {49183BD8-BD2C-4213-96A1-79E940717F99}
		{1622B19B-9FAD-6373-457B-B407BE91A4CC} = {49183BD8-BD2C-4213-96A1-79E940717F99}
		{60F3E709-01E1-5D47-6DEA-0F4066863888} = {49183BD8-BD2C-4213-96A1-79E940717F99}
		{C14EA536-87C5-534A-B257-94C4B87E5BAD} = {60873588-BC1D-486C-A2FA-35BB8A14EB5C}
		{A9A5B6D1-9FDD-2B48-556A-FD00C8BB0521} = {60873588-BC1D-486C-A2FA-35BB8A14EB5C}
		{974DEA4B-7A12-0280-40F6-1A82AD53097B} = {FF24C29B-AC60-4560-A8FC-113AFB641DBF}
		{E2E854F1-A1B7-B7A3-337E-F7056684CBB3} = {FF24C29B-AC60-4560-A8FC-113AFB641DBF}
		{B5336AC8-234A-8207-9028-4F0FC3DA47F9} = {FF24C29B-AC60-4560-A8FC-113AFB641DBF}
		{77E124D1-8C74-6635-D9FD-0234FB08D3E1} = {FF24C29B-AC60-4560-A8FC-113AFB641DBF}
		{509FEB20-CC52-44AE-A538-106D87271D2E} = {FF24C29B-AC60-4560-A8FC-113AFB641DBF}
		{EC6DB6E6-86E0-B087-1238-3A46D9E21546} = {60873588-BC1D-486C-A2FA-35BB8A14EB5C}
		{631360F0-43F9-9E43-B9EB-A88F55710DB9} = {60873588-BC1D-486C-A2FA-35BB8A14EB5C}
		{AADA128C-808F-E540-B0F0-72A4CD2AB680} = {70EDD32A-924E-495B-A8B0-93A41A29A5E1}
	EndGlobalSection
	GlobalSection(ExtensibilityGlobals) = postSolution
		SolutionGuid = {9EC59F55-8A9D-4989-9FAF-1BC2105C3588}
	EndGlobalSection
EndGlobal
